
Microsoft Visual Studio Solution File, Format Version 12.00
# Visual Studio Version 16
VisualStudioVersion = 16.0.30907.101
MinimumVisualStudioVersion = 10.0.40219.1
Project("{FAE04EC0-301F-11D3-BF4B-00C04F79EFBC}") = "ClassLibrary", "ClassLibrary\ClassLibrary.csproj", "{9098A4E6-D03C-44AD-B49B-B06DCE25189B}"
EndProject
Project("{FAE04EC0-301F-11D3-BF4B-00C04F79EFBC}") = "Consoles", "Console\Consoles.csproj", "{55D4BE58-F64C-43CC-B196-2050D6F0B9E2}"
EndProject
Project("{FAE04EC0-301F-11D3-BF4B-00C04F79EFBC}") = "Tests", "Tests\Tests.csproj", "{FB1B7676-08CA-4C8E-8091-68E2931591D2}"
EndProject
Global
	GlobalSection(SolutionConfigurationPlatforms) = preSolution
		Debug|Any CPU = Debug|Any CPU
		Release|Any CPU = Release|Any CPU
	EndGlobalSection
	GlobalSection(ProjectConfigurationPlatforms) = postSolution
		{9098A4E6-D03C-44AD-B49B-B06DCE25189B}.Debug|Any CPU.ActiveCfg = Debug|Any CPU
		{9098A4E6-D03C-44AD-B49B-B06DCE25189B}.Debug|Any CPU.Build.0 = Debug|Any CPU
		{9098A4E6-D03C-44AD-B49B-B06DCE25189B}.Release|Any CPU.ActiveCfg = Release|Any CPU
		{9098A4E6-D03C-44AD-B49B-B06DCE25189B}.Release|Any CPU.Build.0 = Release|Any CPU
		{55D4BE58-F64C-43CC-B196-2050D6F0B9E2}.Debug|Any CPU.ActiveCfg = Debug|Any CPU
		{55D4BE58-F64C-43CC-B196-2050D6F0B9E2}.Debug|Any CPU.Build.0 = Debug|Any CPU
		{55D4BE58-F64C-43CC-B196-2050D6F0B9E2}.Release|Any CPU.ActiveCfg = Release|Any CPU
		{55D4BE58-F64C-43CC-B196-2050D6F0B9E2}.Release|Any CPU.Build.0 = Release|Any CPU
		{FB1B7676-08CA-4C8E-8091-68E2931591D2}.Debug|Any CPU.ActiveCfg = Debug|Any CPU
		{FB1B7676-08CA-4C8E-8091-68E2931591D2}.Debug|Any CPU.Build.0 = Debug|Any CPU
		{FB1B7676-08CA-4C8E-8091-68E2931591D2}.Release|Any CPU.ActiveCfg = Release|Any CPU
		{FB1B7676-08CA-4C8E-8091-68E2931591D2}.Release|Any CPU.Build.0 = Release|Any CPU
	EndGlobalSection
	GlobalSection(SolutionProperties) = preSolution
		HideSolutionNode = FALSE
	EndGlobalSection
	GlobalSection(ExtensibilityGlobals) = postSolution
		SolutionGuid = {81FD2750-B1E0-423C-AF56-EA1C129793ED}
	EndGlobalSection
EndGlobal
